
Microsoft Visual Studio Solution File, Format Version 12.00
# Visual Studio Version 17
VisualStudioVersion = 17.14.36202.13
MinimumVisualStudioVersion = 10.0.40219.1
Project("{FAE04EC0-301F-11D3-BF4B-00C04F79EFBC}") = "Contracts.Domain", "src\BuildingBlocks\Contracts\Contracts.Domain\Contracts.Domain.csproj", "{609864C2-9AAF-46F4-A66A-00E592E89350}"
EndProject
Project("{FAE04EC0-301F-11D3-BF4B-00C04F79EFBC}") = "Contracts.Api", "src\BuildingBlocks\Contracts\Contracts.Api\Contracts.Api.csproj", "{3AC6DEB8-123E-433A-833D-9E660D65B110}"
EndProject
Project("{2150E333-8FDC-42A3-9474-1A3956D46DE8}") = "src", "src", "{827E0CD3-B72D-47B6-A68D-7590B98EB39B}"
EndProject
Project("{2150E333-8FDC-42A3-9474-1A3956D46DE8}") = "Services", "Services", "{984BB9B3-3FA3-BE33-9484-CAC21695A33C}"
EndProject
Project("{2150E333-8FDC-42A3-9474-1A3956D46DE8}") = "Dispatcher", "Dispatcher", "{04648192-5FB5-6184-34F6-23EA2787E305}"
EndProject
Project("{FAE04EC0-301F-11D3-BF4B-00C04F79EFBC}") = "Dispatcher.Api", "src\Services\Dispatcher\Dispatcher.Api\Dispatcher.Api.csproj", "{22EF57B2-86B7-4736-8C83-97A4D9B03E3B}"
EndProject
<<<<<<< HEAD
Project("{2150E333-8FDC-42A3-9474-1A3956D46DE8}") = "Pricing", "Pricing", "{629250A2-4DA8-8A63-B4B9-ABC581507B44}"
EndProject
Project("{FAE04EC0-301F-11D3-BF4B-00C04F79EFBC}") = "Pricing.Api", "src\Services\Pricing\Pricing.Api\Pricing.Api.csproj", "{7E63AB7A-82D4-4F4E-99AF-6954F7C7D3A4}"
EndProject
Project("{2150E333-8FDC-42A3-9474-1A3956D46DE8}") = "Inventory", "Inventory", "{CA15E31E-CB60-F235-5CDF-2E527A86A72C}"
EndProject
Project("{FAE04EC0-301F-11D3-BF4B-00C04F79EFBC}") = "Inventory.Api", "src\Services\Inventory\Inventory.Api\Inventory.Api.csproj", "{77AD8B90-8B53-456E-8A14-027A4B36541A}"
=======
Project("{2150E333-8FDC-42A3-9474-1A3956D46DE8}") = "contracts", "contracts", "{6C83A596-D32D-B35F-00DD-F0C99B673980}"
EndProject
Project("{2150E333-8FDC-42A3-9474-1A3956D46DE8}") = "api", "api", "{149333AF-AA94-479A-965F-9239813EC9BF}"
EndProject
Project("{2150E333-8FDC-42A3-9474-1A3956D46DE8}") = "v1", "v1", "{2E280ED8-5F2F-4D61-B028-15659619427B}"
	ProjectSection(SolutionItems) = preProject
		contracts\api\v1\data.proto = contracts\api\v1\data.proto
		contracts\api\v1\dispatcher.proto = contracts\api\v1\dispatcher.proto
		contracts\api\v1\inventory.proto = contracts\api\v1\inventory.proto
		contracts\api\v1\logging.proto = contracts\api\v1\logging.proto
		contracts\api\v1\pricing.proto = contracts\api\v1\pricing.proto
	EndProjectSection
EndProject
Project("{2150E333-8FDC-42A3-9474-1A3956D46DE8}") = "domain", "domain", "{E5869B92-8594-4D1A-9F36-D4E0F4827FC8}"
EndProject
Project("{2150E333-8FDC-42A3-9474-1A3956D46DE8}") = "v1", "v1", "{E83949F8-58E0-4948-A725-90B984A9B4A2}"
	ProjectSection(SolutionItems) = preProject
		contracts\domain\v1\common.proto = contracts\domain\v1\common.proto
		contracts\domain\v1\order.proto = contracts\domain\v1\order.proto
	EndProjectSection
>>>>>>> main
EndProject
Global
	GlobalSection(SolutionConfigurationPlatforms) = preSolution
		Debug|Any CPU = Debug|Any CPU
		Debug|x64 = Debug|x64
		Debug|x86 = Debug|x86
		Release|Any CPU = Release|Any CPU
		Release|x64 = Release|x64
		Release|x86 = Release|x86
	EndGlobalSection
	GlobalSection(ProjectConfigurationPlatforms) = postSolution
		{609864C2-9AAF-46F4-A66A-00E592E89350}.Debug|Any CPU.ActiveCfg = Debug|Any CPU
		{609864C2-9AAF-46F4-A66A-00E592E89350}.Debug|Any CPU.Build.0 = Debug|Any CPU
		{609864C2-9AAF-46F4-A66A-00E592E89350}.Debug|x64.ActiveCfg = Debug|Any CPU
		{609864C2-9AAF-46F4-A66A-00E592E89350}.Debug|x64.Build.0 = Debug|Any CPU
		{609864C2-9AAF-46F4-A66A-00E592E89350}.Debug|x86.ActiveCfg = Debug|Any CPU
		{609864C2-9AAF-46F4-A66A-00E592E89350}.Debug|x86.Build.0 = Debug|Any CPU
		{609864C2-9AAF-46F4-A66A-00E592E89350}.Release|Any CPU.ActiveCfg = Release|Any CPU
		{609864C2-9AAF-46F4-A66A-00E592E89350}.Release|Any CPU.Build.0 = Release|Any CPU
		{609864C2-9AAF-46F4-A66A-00E592E89350}.Release|x64.ActiveCfg = Release|Any CPU
		{609864C2-9AAF-46F4-A66A-00E592E89350}.Release|x64.Build.0 = Release|Any CPU
		{609864C2-9AAF-46F4-A66A-00E592E89350}.Release|x86.ActiveCfg = Release|Any CPU
		{609864C2-9AAF-46F4-A66A-00E592E89350}.Release|x86.Build.0 = Release|Any CPU
		{3AC6DEB8-123E-433A-833D-9E660D65B110}.Debug|Any CPU.ActiveCfg = Debug|Any CPU
		{3AC6DEB8-123E-433A-833D-9E660D65B110}.Debug|Any CPU.Build.0 = Debug|Any CPU
		{3AC6DEB8-123E-433A-833D-9E660D65B110}.Debug|x64.ActiveCfg = Debug|Any CPU
		{3AC6DEB8-123E-433A-833D-9E660D65B110}.Debug|x64.Build.0 = Debug|Any CPU
		{3AC6DEB8-123E-433A-833D-9E660D65B110}.Debug|x86.ActiveCfg = Debug|Any CPU
		{3AC6DEB8-123E-433A-833D-9E660D65B110}.Debug|x86.Build.0 = Debug|Any CPU
		{3AC6DEB8-123E-433A-833D-9E660D65B110}.Release|Any CPU.ActiveCfg = Release|Any CPU
		{3AC6DEB8-123E-433A-833D-9E660D65B110}.Release|Any CPU.Build.0 = Release|Any CPU
		{3AC6DEB8-123E-433A-833D-9E660D65B110}.Release|x64.ActiveCfg = Release|Any CPU
		{3AC6DEB8-123E-433A-833D-9E660D65B110}.Release|x64.Build.0 = Release|Any CPU
		{3AC6DEB8-123E-433A-833D-9E660D65B110}.Release|x86.ActiveCfg = Release|Any CPU
		{3AC6DEB8-123E-433A-833D-9E660D65B110}.Release|x86.Build.0 = Release|Any CPU
		{22EF57B2-86B7-4736-8C83-97A4D9B03E3B}.Debug|Any CPU.ActiveCfg = Debug|Any CPU
		{22EF57B2-86B7-4736-8C83-97A4D9B03E3B}.Debug|Any CPU.Build.0 = Debug|Any CPU
		{22EF57B2-86B7-4736-8C83-97A4D9B03E3B}.Debug|x64.ActiveCfg = Debug|Any CPU
		{22EF57B2-86B7-4736-8C83-97A4D9B03E3B}.Debug|x64.Build.0 = Debug|Any CPU
		{22EF57B2-86B7-4736-8C83-97A4D9B03E3B}.Debug|x86.ActiveCfg = Debug|Any CPU
		{22EF57B2-86B7-4736-8C83-97A4D9B03E3B}.Debug|x86.Build.0 = Debug|Any CPU
		{22EF57B2-86B7-4736-8C83-97A4D9B03E3B}.Release|Any CPU.ActiveCfg = Release|Any CPU
		{22EF57B2-86B7-4736-8C83-97A4D9B03E3B}.Release|Any CPU.Build.0 = Release|Any CPU
		{22EF57B2-86B7-4736-8C83-97A4D9B03E3B}.Release|x64.ActiveCfg = Release|Any CPU
		{22EF57B2-86B7-4736-8C83-97A4D9B03E3B}.Release|x64.Build.0 = Release|Any CPU
		{22EF57B2-86B7-4736-8C83-97A4D9B03E3B}.Release|x86.ActiveCfg = Release|Any CPU
		{22EF57B2-86B7-4736-8C83-97A4D9B03E3B}.Release|x86.Build.0 = Release|Any CPU
<<<<<<< HEAD
		{7E63AB7A-82D4-4F4E-99AF-6954F7C7D3A4}.Debug|Any CPU.ActiveCfg = Debug|Any CPU
		{7E63AB7A-82D4-4F4E-99AF-6954F7C7D3A4}.Debug|Any CPU.Build.0 = Debug|Any CPU
		{7E63AB7A-82D4-4F4E-99AF-6954F7C7D3A4}.Debug|x64.ActiveCfg = Debug|Any CPU
		{7E63AB7A-82D4-4F4E-99AF-6954F7C7D3A4}.Debug|x64.Build.0 = Debug|Any CPU
		{7E63AB7A-82D4-4F4E-99AF-6954F7C7D3A4}.Debug|x86.ActiveCfg = Debug|Any CPU
		{7E63AB7A-82D4-4F4E-99AF-6954F7C7D3A4}.Debug|x86.Build.0 = Debug|Any CPU
		{7E63AB7A-82D4-4F4E-99AF-6954F7C7D3A4}.Release|Any CPU.ActiveCfg = Release|Any CPU
		{7E63AB7A-82D4-4F4E-99AF-6954F7C7D3A4}.Release|Any CPU.Build.0 = Release|Any CPU
		{7E63AB7A-82D4-4F4E-99AF-6954F7C7D3A4}.Release|x64.ActiveCfg = Release|Any CPU
		{7E63AB7A-82D4-4F4E-99AF-6954F7C7D3A4}.Release|x64.Build.0 = Release|Any CPU
		{7E63AB7A-82D4-4F4E-99AF-6954F7C7D3A4}.Release|x86.ActiveCfg = Release|Any CPU
		{7E63AB7A-82D4-4F4E-99AF-6954F7C7D3A4}.Release|x86.Build.0 = Release|Any CPU
		{77AD8B90-8B53-456E-8A14-027A4B36541A}.Debug|Any CPU.ActiveCfg = Debug|Any CPU
		{77AD8B90-8B53-456E-8A14-027A4B36541A}.Debug|Any CPU.Build.0 = Debug|Any CPU
		{77AD8B90-8B53-456E-8A14-027A4B36541A}.Debug|x64.ActiveCfg = Debug|Any CPU
		{77AD8B90-8B53-456E-8A14-027A4B36541A}.Debug|x64.Build.0 = Debug|Any CPU
		{77AD8B90-8B53-456E-8A14-027A4B36541A}.Debug|x86.ActiveCfg = Debug|Any CPU
		{77AD8B90-8B53-456E-8A14-027A4B36541A}.Debug|x86.Build.0 = Debug|Any CPU
		{77AD8B90-8B53-456E-8A14-027A4B36541A}.Release|Any CPU.ActiveCfg = Release|Any CPU
		{77AD8B90-8B53-456E-8A14-027A4B36541A}.Release|Any CPU.Build.0 = Release|Any CPU
		{77AD8B90-8B53-456E-8A14-027A4B36541A}.Release|x64.ActiveCfg = Release|Any CPU
		{77AD8B90-8B53-456E-8A14-027A4B36541A}.Release|x64.Build.0 = Release|Any CPU
		{77AD8B90-8B53-456E-8A14-027A4B36541A}.Release|x86.ActiveCfg = Release|Any CPU
		{77AD8B90-8B53-456E-8A14-027A4B36541A}.Release|x86.Build.0 = Release|Any CPU
=======
>>>>>>> main
	EndGlobalSection
	GlobalSection(SolutionProperties) = preSolution
		HideSolutionNode = FALSE
	EndGlobalSection
	GlobalSection(NestedProjects) = preSolution
		{984BB9B3-3FA3-BE33-9484-CAC21695A33C} = {827E0CD3-B72D-47B6-A68D-7590B98EB39B}
		{04648192-5FB5-6184-34F6-23EA2787E305} = {984BB9B3-3FA3-BE33-9484-CAC21695A33C}
		{22EF57B2-86B7-4736-8C83-97A4D9B03E3B} = {04648192-5FB5-6184-34F6-23EA2787E305}
<<<<<<< HEAD
		{629250A2-4DA8-8A63-B4B9-ABC581507B44} = {984BB9B3-3FA3-BE33-9484-CAC21695A33C}
		{7E63AB7A-82D4-4F4E-99AF-6954F7C7D3A4} = {629250A2-4DA8-8A63-B4B9-ABC581507B44}
		{CA15E31E-CB60-F235-5CDF-2E527A86A72C} = {984BB9B3-3FA3-BE33-9484-CAC21695A33C}
		{77AD8B90-8B53-456E-8A14-027A4B36541A} = {CA15E31E-CB60-F235-5CDF-2E527A86A72C}
=======
		{149333AF-AA94-479A-965F-9239813EC9BF} = {6C83A596-D32D-B35F-00DD-F0C99B673980}
		{2E280ED8-5F2F-4D61-B028-15659619427B} = {149333AF-AA94-479A-965F-9239813EC9BF}
		{E5869B92-8594-4D1A-9F36-D4E0F4827FC8} = {6C83A596-D32D-B35F-00DD-F0C99B673980}
		{E83949F8-58E0-4948-A725-90B984A9B4A2} = {E5869B92-8594-4D1A-9F36-D4E0F4827FC8}
>>>>>>> main
	EndGlobalSection
	GlobalSection(ExtensibilityGlobals) = postSolution
		SolutionGuid = {FD7F19C1-20E7-46E5-8032-15F0AE189869}
	EndGlobalSection
EndGlobal
